
Microsoft Visual Studio Solution File, Format Version 12.00
# Visual Studio Version 17
VisualStudioVersion = 17.8.34525.116
MinimumVisualStudioVersion = 10.0.40219.1
Project("{9A19103F-16F7-4668-BE54-9A1E7A4F7556}") = "BeerCollectionApi", "BeerCollection\BeerCollectionApi.csproj", "{E6465CC8-B318-4D2E-886D-E7475414ECB7}"
EndProject
Project("{9A19103F-16F7-4668-BE54-9A1E7A4F7556}") = "BeerCollectionBusinessLogic", "BeerCollectionService\BeerCollectionBusinessLogic.csproj", "{3D5CE2EB-192F-4EF3-B89D-6CA281C95396}"
EndProject
Project("{9A19103F-16F7-4668-BE54-9A1E7A4F7556}") = "BeerCollectionDataAccess", "BeerCollectionDataAccess\BeerCollectionDataAccess.csproj", "{F5B7FF76-60AC-4B27-9DEB-62E933B157E5}"
EndProject
Project("{9A19103F-16F7-4668-BE54-9A1E7A4F7556}") = "BeerCollectionDTO", "BeerCollectionEntities\BeerCollectionDTO.csproj", "{D9161D9C-5F24-4902-B45C-E78B23671666}"
EndProject
Global
	GlobalSection(SolutionConfigurationPlatforms) = preSolution
		Debug|Any CPU = Debug|Any CPU
		Release|Any CPU = Release|Any CPU
	EndGlobalSection
	GlobalSection(ProjectConfigurationPlatforms) = postSolution
		{E6465CC8-B318-4D2E-886D-E7475414ECB7}.Debug|Any CPU.ActiveCfg = Debug|Any CPU
		{E6465CC8-B318-4D2E-886D-E7475414ECB7}.Debug|Any CPU.Build.0 = Debug|Any CPU
		{E6465CC8-B318-4D2E-886D-E7475414ECB7}.Release|Any CPU.ActiveCfg = Release|Any CPU
		{E6465CC8-B318-4D2E-886D-E7475414ECB7}.Release|Any CPU.Build.0 = Release|Any CPU
		{3D5CE2EB-192F-4EF3-B89D-6CA281C95396}.Debug|Any CPU.ActiveCfg = Debug|Any CPU
		{3D5CE2EB-192F-4EF3-B89D-6CA281C95396}.Debug|Any CPU.Build.0 = Debug|Any CPU
		{3D5CE2EB-192F-4EF3-B89D-6CA281C95396}.Release|Any CPU.ActiveCfg = Release|Any CPU
		{3D5CE2EB-192F-4EF3-B89D-6CA281C95396}.Release|Any CPU.Build.0 = Release|Any CPU
		{F5B7FF76-60AC-4B27-9DEB-62E933B157E5}.Debug|Any CPU.ActiveCfg = Debug|Any CPU
		{F5B7FF76-60AC-4B27-9DEB-62E933B157E5}.Debug|Any CPU.Build.0 = Debug|Any CPU
		{F5B7FF76-60AC-4B27-9DEB-62E933B157E5}.Release|Any CPU.ActiveCfg = Release|Any CPU
		{F5B7FF76-60AC-4B27-9DEB-62E933B157E5}.Release|Any CPU.Build.0 = Release|Any CPU
		{D9161D9C-5F24-4902-B45C-E78B23671666}.Debug|Any CPU.ActiveCfg = Debug|Any CPU
		{D9161D9C-5F24-4902-B45C-E78B23671666}.Debug|Any CPU.Build.0 = Debug|Any CPU
		{D9161D9C-5F24-4902-B45C-E78B23671666}.Release|Any CPU.ActiveCfg = Release|Any CPU
		{D9161D9C-5F24-4902-B45C-E78B23671666}.Release|Any CPU.Build.0 = Release|Any CPU
	EndGlobalSection
	GlobalSection(SolutionProperties) = preSolution
		HideSolutionNode = FALSE
	EndGlobalSection
	GlobalSection(ExtensibilityGlobals) = postSolution
		SolutionGuid = {49AD0DDC-5C0E-489F-9DBF-7DD8B815F083}
	EndGlobalSection
EndGlobal
